
Microsoft Visual Studio Solution File, Format Version 12.00
# Visual Studio 15
VisualStudioVersion = 15.0.28010.2046
MinimumVisualStudioVersion = 10.0.40219.1
Project("{FAE04EC0-301F-11D3-BF4B-00C04F79EFBC}") = "DapperMVC", "DapperMVC\DapperMVC.csproj", "{FED73F98-E260-40F2-92E7-B9A67CF9ECBF}"
EndProject
Global
	GlobalSection(SolutionConfigurationPlatforms) = preSolution
		Debug|Any CPU = Debug|Any CPU
		Release|Any CPU = Release|Any CPU
	EndGlobalSection
	GlobalSection(ProjectConfigurationPlatforms) = postSolution
		{FED73F98-E260-40F2-92E7-B9A67CF9ECBF}.Debug|Any CPU.ActiveCfg = Debug|Any CPU
		{FED73F98-E260-40F2-92E7-B9A67CF9ECBF}.Debug|Any CPU.Build.0 = Debug|Any CPU
		{FED73F98-E260-40F2-92E7-B9A67CF9ECBF}.Release|Any CPU.ActiveCfg = Release|Any CPU
		{FED73F98-E260-40F2-92E7-B9A67CF9ECBF}.Release|Any CPU.Build.0 = Release|Any CPU
	EndGlobalSection
	GlobalSection(SolutionProperties) = preSolution
		HideSolutionNode = FALSE
	EndGlobalSection
	GlobalSection(ExtensibilityGlobals) = postSolution
		SolutionGuid = {8962B92F-56B3-43D0-AEFD-04C9E45D2C9D}
	EndGlobalSection
EndGlobal
